GIT
  remote: https://github.com/apiology/parlour.git
  revision: 65d86c451349909c380494632f810b5f835dddf6
  branch: fix_io_deadlock
  specs:
    parlour (9.1.1)
      commander (~> 5.0)
      parser
      rainbow (~> 3.0)
      sorbet-runtime (>= 0.5)

GIT
  remote: https://github.com/apiology/sord.git
  revision: 3f110552a33652d95c237a74897ef4a9bedfddbf
  branch: 2025-07-04
  specs:
    sord (7.0.0)
      commander (~> 5.0)
      parlour (~> 9.1)
      parser
      rbs (>= 3.0, < 5)
      sorbet-runtime
      yard

GIT
  remote: https://github.com/lsegal/yard.git
  revision: 6f678d088a8bdfe7b47072311f7927958c13eb4b
  branch: main
  specs:
    yard (0.9.44)

PATH
  remote: .
  specs:
    checkoff (0.8.0)

GEM
  remote: https://rubygems.org/
  specs:
    addressable (2.9.0)
      public_suffix (>= 2.0.2, < 8.0)
    ast (2.4.3)
    backport (1.2.0)
    base64 (0.3.0)
    benchmark (0.5.0)
    bigdecimal (4.1.2)
    brakeman (8.0.5)
      racc
    bump (0.10.0)
    bundler-audit (0.9.3)
      bundler (>= 1.2.0)
      thor (~> 1.0)
    chef-utils (19.3.15)
      concurrent-ruby
    childprocess (5.1.0)
      logger (~> 1.5)
    commander (5.0.0)
      highline (~> 3.0.0)
    concurrent-ruby (1.3.7)
    crack (1.0.1)
      bigdecimal
      rexml
    date (3.5.1)
    diff-lcs (1.6.2)
    docile (1.4.1)
    erb (6.0.4)
    erubi (1.13.1)
    fasterer (0.11.0)
      ruby_parser (>= 3.19.1)
    hashdiff (1.2.1)
    highline (3.0.1)
    imagen (0.2.0)
      parser (>= 2.5, != 2.5.1.1)
    iniparse (1.5.0)
    jaro_winkler (1.7.0)
    json (2.20.0)
    kramdown (2.5.2)
      rexml (>= 3.4.4)
    kramdown-parser-gfm (1.1.0)
      kramdown (~> 2.0)
    language_server-protocol (3.17.0.6)
    lint_roller (1.1.0)
    logger (1.7.0)
    mdl (0.17.0)
      kramdown (~> 2.5)
      kramdown-parser-gfm (~> 1.1)
      mixlib-cli
      mixlib-config
      mixlib-shellout
    mixlib-cli (2.1.8)
    mixlib-config (3.0.27)
      tomlrb
    mixlib-shellout (3.4.10)
      chef-utils
    netrc (0.11.0)
    nokogiri (1.19.4-aarch64-linux-gnu)
      racc (~> 1.4)
    nokogiri (1.19.4-aarch64-linux-musl)
      racc (~> 1.4)
    nokogiri (1.19.4-arm64-darwin)
      racc (~> 1.4)
    nokogiri (1.19.4-x86_64-darwin)
      racc (~> 1.4)
    nokogiri (1.19.4-x86_64-linux-gnu)
      racc (~> 1.4)
    nokogiri (1.19.4-x86_64-linux-musl)
      racc (~> 1.4)
    observer (0.1.2)
    open3 (0.2.1)
    ostruct (0.6.3)
    overcommit (0.69.0)
      childprocess (>= 0.6.3, < 6)
      iniparse (~> 1.4)
      rexml (>= 3.3.9)
    parallel (2.1.0)
    parser (3.3.11.1)
      ast (~> 2.4.1)
      racc
    prism (1.9.0)
    psych (5.4.0)
      date
      stringio
    public_suffix (7.0.5)
    punchlist (1.3.2)
      source_finder (>= 2)
    racc (1.8.1)
    rainbow (3.1.1)
    rake (13.4.2)
    rbi (0.3.15)
      prism (~> 1.0)
      rbs (>= 4.0.1)
    rbs (4.0.3)
      logger
      prism (>= 1.6.0)
      tsort
    rdoc (7.2.0)
      erb
      psych (>= 4.0.0)
      tsort
    regexp_parser (2.12.0)
    require-hooks (0.4.0)
    reverse_markdown (3.0.2)
      nokogiri
    rexml (3.4.4)
    rspec (3.13.2)
      rspec-core (~> 3.13.0)
      rspec-expectations (~> 3.13.0)
      rspec-mocks (~> 3.13.0)
    rspec-core (3.13.6)
      rspec-support (~> 3.13.0)
    rspec-expectations (3.13.5)
      diff-lcs (>= 1.2.0, < 2.0)
      rspec-support (~> 3.13.0)
    rspec-mocks (3.13.8)
      diff-lcs (>= 1.2.0, < 2.0)
      rspec-support (~> 3.13.0)
    rspec-support (3.13.7)
    rubocop (1.88.2)
      json (~> 2.3)
      language_server-protocol (~> 3.17.0.2)
      lint_roller (~> 1.1.0)
      parallel (>= 1.10)
      parser (>= 3.3.0.2)
      rainbow (>= 2.2.2, < 4.0)
      regexp_parser (>= 2.9.3, < 3.0)
      rubocop-ast (>= 1.49.0, < 2.0)
      ruby-progressbar (~> 1.7)
      unicode-display_width (>= 2.4.0, < 4.0)
    rubocop-ast (1.50.0)
      parser (>= 3.3.7.2)
      prism (~> 1.7)
    rubocop-performance (1.26.1)
      lint_roller (~> 1.1)
      rubocop (>= 1.75.0, < 2.0)
      rubocop-ast (>= 1.47.1, < 2.0)
    rubocop-rake (0.7.1)
      lint_roller (~> 1.1)
      rubocop (>= 1.72.1)
    rubocop-rspec (3.10.2)
      lint_roller (~> 1.1)
      regexp_parser (>= 2.0)
      rubocop (~> 1.86, >= 1.86.2)
    rubocop-yard (1.3.0)
      lint_roller
      rubocop (~> 1.72)
      yard
    ruby-progressbar (1.13.0)
    ruby_parser (3.22.0)
      racc (~> 1.5)
      sexp_processor (~> 4.16)
    rubydex (0.2.9-aarch64-linux)
    rubydex (0.2.9-arm64-darwin)
    rubydex (0.2.9-x86_64-darwin)
    rubydex (0.2.9-x86_64-linux)
    rugged (1.9.4)
    sexp_processor (4.17.5)
    simplecov (0.22.0)
      docile (~> 1.1)
      simplecov-html (~> 0.11)
      simplecov_json_formatter (~> 0.1)
    simplecov-html (0.13.2)
    simplecov-lcov (0.9.0)
    simplecov_json_formatter (0.1.4)
    solargraph (0.60.2)
      ast (~> 2.4.3)
      backport (~> 1.2)
      benchmark (~> 0.4)
      bundler (>= 2.0)
      diff-lcs (~> 1.4)
      jaro_winkler (~> 1.6, >= 1.6.1)
      kramdown (~> 2.3)
      kramdown-parser-gfm (~> 1.1)
      logger (~> 1.6)
      observer (~> 0.1)
      open3 (~> 0.2.1)
      ostruct (~> 0.6)
      parser (~> 3.0)
      prism (~> 1.4)
      rbs (>= 3.10.0)
      rdoc (~> 7.0)
      reverse_markdown (~> 3.0)
      rubocop (~> 1.76)
      sord (~> 7.0)
      thor (~> 1.0)
      tilt (~> 2.0)
      yard (~> 0.9, >= 0.9.24)
      yard-activesupport-concern (~> 0.0)
      yard-solargraph (~> 0.1)
    sorbet (0.6.13341)
      sorbet-static (= 0.6.13341)
    sorbet-runtime (0.6.13341)
    sorbet-static (0.6.13341-aarch64-linux)
    sorbet-static (0.6.13341-universal-darwin)
    sorbet-static (0.6.13341-x86_64-linux)
    sorbet-static-and-runtime (0.6.13341)
      sorbet (= 0.6.13341)
      sorbet-runtime (= 0.6.13341)
    source_finder (3.2.1)
    spoom (1.8.4)
      erubi (>= 1.10.0)
      prism (>= 0.28.0)
      rbi (>= 0.3.15)
      rbs (>= 4.0.0.dev.5)
      rexml (>= 3.2.6)
      sorbet-static-and-runtime (>= 0.5.10187)
      thor (>= 0.19.2)
    stringio (3.2.0)
    tapioca (0.19.2)
      benchmark
      bundler (>= 2.2.25)
      netrc (>= 0.11.0)
      parallel (>= 1.21.0)
      rbi (>= 0.3.7)
      require-hooks (>= 0.2.2)
      rubydex (>= 0.1.0.beta10)
      sorbet-static-and-runtime (>= 0.6.12698)
      spoom (>= 1.7.16)
      thor (>= 1.2.0)
      tsort
    thor (1.5.0)
    tilt (2.8.0)
    tomlrb (2.0.4)
    tsort (0.2.0)
    undercover (0.8.5)
      base64
      benchmark
      bigdecimal
      imagen (>= 0.2.0)
      rainbow (>= 2.1, < 4.0)
      rugged (>= 0.27, < 1.10)
      simplecov
      simplecov_json_formatter
    unicode-display_width (3.2.0)
      unicode-emoji (~> 4.1)
    unicode-emoji (4.2.0)
    webmock (3.26.2)
      addressable (>= 2.8.0)
      crack (>= 0.3.2)
      hashdiff (>= 0.4.0, < 2.0.0)
    yard-activesupport-concern (0.0.1)
      yard (>= 0.8)
    yard-solargraph (0.1.0)
      yard (~> 0.9)
    yard-sorbet (0.9.0)
      sorbet-runtime
      yard

PLATFORMS
  aarch64-linux
  aarch64-linux-gnu
  aarch64-linux-musl
  arm64-darwin
  universal-darwin
  x86_64-darwin
  x86_64-linux
  x86_64-linux-gnu
  x86_64-linux-musl

DEPENDENCIES
  brakeman
  bump
  bundler
  bundler-audit
  checkoff!
  fasterer
  mdl
  overcommit (~> 0.69.0)
  parlour!
  punchlist (>= 1.3.1)
  rake
  rbi
  rbs (>= 3.8.1)
  rspec
  rubocop (~> 1.52)
  rubocop-performance
  rubocop-rake
  rubocop-rspec (>= 3.4.0)
  rubocop-yard
  simplecov (>= 0.18.0)
  simplecov-lcov
  simplecov_json_formatter
  solargraph (>= 0.56)
  sord!
  tapioca (>= 0.16.0)
  undercover (>= 0.6.3)
  webmock
  yard!
  yard-sorbet

CHECKSUMS
  addressable (2.9.0) sha256=7fdf6ac3660f7f4e867a0838be3f6cf722ace541dd97767fa42bc6cfa980c7af
  ast (2.4.3) sha256=954615157c1d6a382bc27d690d973195e79db7f55e9765ac7c481c60bdb4d383
  backport (1.2.0) sha256=912c7dfdd9ee4625d013ddfccb6205c3f92da69a8990f65c440e40f5b2fc7f75
  base64 (0.3.0) sha256=27337aeabad6ffae05c265c450490628ef3ebd4b67be58257393227588f5a97b
  benchmark (0.5.0) sha256=465df122341aedcb81a2a24b4d3bd19b6c67c1530713fd533f3ff034e419236c
  bigdecimal (4.1.2) sha256=53d217666027eab4280346fba98e7d5b66baaae1b9c3c1c0ffe89d48188a3fbd
  brakeman (8.0.5) sha256=03735f9690d3fd4b32d66aacbf0a6d15a84266bdd06b32c05c8ecc8f6021d2be
  bump (0.10.0) sha256=07929cf79031d2863f55e7b111e164566be10c43f8c42d67db7cb3b5745f0975
  bundler (4.0.16) sha256=d6ca5dd440c24f9abce9844cf44cc8e18c6a553de65a47efb4544137af92c47d
  bundler-audit (0.9.3) sha256=81c8766c71e47d0d28a0f98c7eed028539f21a6ea3cd8f685eb6f42333c9b4e9
  checkoff (0.8.0)
  chef-utils (19.3.15) sha256=1c537a9c85b55b6d897de8e8af6b66b017a6dfae2b5e7b25e0bf320637e0b86a
  childprocess (5.1.0) sha256=9a8d484be2fd4096a0e90a0cd3e449a05bc3aa33f8ac9e4d6dcef6ac1455b6ec
  commander (5.0.0) sha256=22ca42866ce5ed1a7f3e9a9c831a23d03b75b3743c7ad0302c3cbcd9eb5f257d
  concurrent-ruby (1.3.7) sha256=4412caec3a5ea2e5fdc52076724c071a81f2c0593d83b2ac8cbb8ca63b3151b0
  crack (1.0.1) sha256=ff4a10390cd31d66440b7524eb1841874db86201d5b70032028553130b6d4c7e
  date (3.5.1) sha256=750d06384d7b9c15d562c76291407d89e368dda4d4fff957eb94962d325a0dc0
  diff-lcs (1.6.2) sha256=9ae0d2cba7d4df3075fe8cd8602a8604993efc0dfa934cff568969efb1909962
  docile (1.4.1) sha256=96159be799bfa73cdb721b840e9802126e4e03dfc26863db73647204c727f21e
  erb (6.0.4) sha256=38e3803694be357fe2bfe312487c74beaf9fb4e5beb3e22498952fe1645b95d9
  erubi (1.13.1) sha256=a082103b0885dbc5ecf1172fede897f9ebdb745a4b97a5e8dc63953db1ee4ad9
  fasterer (0.11.0) sha256=9c38b77583584f3339a729eb077fd8f2856a317abe747528f6563d7c23e9dda8
  hashdiff (1.2.1) sha256=9c079dbc513dfc8833ab59c0c2d8f230fa28499cc5efb4b8dd276cf931457cd1
  highline (3.0.1) sha256=ca18b218fd581b1fae832f89bfeaf2b34d3a93429c44fd4411042ffce286f009
  imagen (0.2.0) sha256=369fe912078877dba92615ebfc6f35a7d833e31f24f47bdd3ad5371a4139e24b
  iniparse (1.5.0) sha256=36a165e98d8a250b7631c4a7f9afba32af78f089970cd6446a39771189c761f1
  jaro_winkler (1.7.0) sha256=8daa05a5cd05bf7d27c1c65caa8ab0d47c05419d80210feaa17126db24044ada
  json (2.20.0) sha256=9362bc6e55a952b056abf9167cf053358181c904cb70cd6eee0808ea830fc32b
  kramdown (2.5.2) sha256=1ba542204c66b6f9111ff00dcc26075b95b220b07f2905d8261740c82f7f02fa
  kramdown-parser-gfm (1.1.0) sha256=fb39745516427d2988543bf01fc4cf0ab1149476382393e0e9c48592f6581729
  language_server-protocol (3.17.0.6) sha256=5ef2c0c138f8267e1bc631d3328347d354f96724b0af22f2c79516120443b7f0
  lint_roller (1.1.0) sha256=2c0c845b632a7d172cb849cc90c1bce937a28c5c8ccccb50dfd46a485003cc87
  logger (1.7.0) sha256=196edec7cc44b66cfb40f9755ce11b392f21f7967696af15d274dde7edff0203
  mdl (0.17.0) sha256=bb0a0813db04d3a41c991bdae8acc70912f153fc4fb88a3e0f126711da12c335
  mixlib-cli (2.1.8) sha256=e6f27be34d580f6ed71731ca46b967e57793a627131c1f6e1ed2dad39ea3bdf9
  mixlib-config (3.0.27) sha256=d7748b1898e4f16502afec1de00b5ad65c6de405114b1b0c65ec61b1a9100148
  mixlib-shellout (3.4.10) sha256=7c8a6c5a6c90922a8871ed682129c19c9b1a514eedea2e867077229e6a415f0c
  netrc (0.11.0) sha256=de1ce33da8c99ab1d97871726cba75151113f117146becbe45aa85cb3dabee3f
  nokogiri (1.19.4-aarch64-linux-gnu) sha256=1269fb644a6de405057a53dd5c762b1209b43ca7424f839454d3dbc677c31a8f
  nokogiri (1.19.4-aarch64-linux-musl) sha256=35c65b9ce72b3bb03207bdbe7067915019dc18c1b9b59139684bd6690fdd01af
  nokogiri (1.19.4-arm64-darwin) sha256=a46db9853286e6597b36ebc6953817d15acf3a299583eb3f89fdc6f91dd63527
  nokogiri (1.19.4-x86_64-darwin) sha256=7fd17057d3e1f00e9954a74b3cd76595d3d4a5ef233b7ed9599047c204f70551
  nokogiri (1.19.4-x86_64-linux-gnu) sha256=379fae440b28915e3f19d752ce2dcf8465ed2b2fbefd2a7ca0dd497bc981a06a
  nokogiri (1.19.4-x86_64-linux-musl) sha256=17dfb7c1fa194ae02fbf7c51a7afc8d278045ab3fdacfd86f91d02d7b274470b
  observer (0.1.2) sha256=d8a3107131ba661138d748e7be3dbafc0d82e732fffba9fccb3d7829880950ac
  open3 (0.2.1) sha256=8e2d7d2113526351201438c1aa35c8139f0141c9e8913baa007c898973bf3952
  ostruct (0.6.3) sha256=95a2ed4a4bd1d190784e666b47b2d3f078e4a9efda2fccf18f84ddc6538ed912
  overcommit (0.69.0) sha256=1509042558eb04cb780a3e15943e2b7770298f93f55e5a286b4afeb57f4f8697
  parallel (2.1.0) sha256=b35258865c2e31134c5ecb708beaaf6772adf9d5efae28e93e99260877b09356
  parlour (9.1.1)
  parser (3.3.11.1) sha256=d17ace7aabe3e72c3cc94043714be27cc6f852f104d81aa284c2281aecc65d54
  prism (1.9.0) sha256=7b530c6a9f92c24300014919c9dcbc055bf4cdf51ec30aed099b06cd6674ef85
  psych (5.4.0) sha256=14f72d69a611af663d7d70e4a7b67d9eb1f3ae9f8d916b478961d5a0075ba5b7
  public_suffix (7.0.5) sha256=1a8bb08f1bbea19228d3bed6e5ed908d1cb4f7c2726d18bd9cadf60bc676f623
  punchlist (1.3.2) sha256=5cdf1031e357b555cee24ae624abf9551f55956c016894efd628c450c6de54de
  racc (1.8.1) sha256=4a7f6929691dbec8b5209a0b373bc2614882b55fc5d2e447a21aaa691303d62f
  rainbow (3.1.1) sha256=039491aa3a89f42efa1d6dec2fc4e62ede96eb6acd95e52f1ad581182b79bc6a
  rake (13.4.2) sha256=cb825b2bd5f1f8e91ca37bddb4b9aaf345551b4731da62949be002fa89283701
  rbi (0.3.15) sha256=21b00dee9c9237d81521b1425079325a2ae4eb3e8cd2a861350b597e63d0efd7
  rbs (4.0.3) sha256=5a7bf70e2628549d9a1f44eae447b2cfe55968a9c60cfff52693a4bdcc020e14
  rdoc (7.2.0) sha256=8650f76cd4009c3b54955eb5d7e3a075c60a57276766ebf36f9085e8c9f23192
  regexp_parser (2.12.0) sha256=35a916a1d63190ab5c9009457136ae5f3c0c7512d60291d0d1378ba18ce08ebb
  require-hooks (0.4.0) sha256=005f4c6435b4edae73e358cdbaba48370a4121f9ce893d5d2a3c66fce855677d
  reverse_markdown (3.0.2) sha256=818ebb92ce39dbb1a291690dd1ec9a6d62530d4725296b17e9c8f668f9a5b8af
  rexml (3.4.4) sha256=19e0a2c3425dfbf2d4fc1189747bdb2f849b6c5e74180401b15734bc97b5d142
  rspec (3.13.2) sha256=206284a08ad798e61f86d7ca3e376718d52c0bc944626b2349266f239f820587
  rspec-core (3.13.6) sha256=a8823c6411667b60a8bca135364351dda34cd55e44ff94c4be4633b37d828b2d
  rspec-expectations (3.13.5) sha256=33a4d3a1d95060aea4c94e9f237030a8f9eae5615e9bd85718fe3a09e4b58836
  rspec-mocks (3.13.8) sha256=086ad3d3d17533f4237643de0b5c42f04b66348c28bf6b9c2d3f4a3b01af1d47
  rspec-support (3.13.7) sha256=0640e5570872aafefd79867901deeeeb40b0c9875a36b983d85f54fb7381c47c
  rubocop (1.88.2) sha256=8def251c90cd955feb4daa3edc0ab56893250c4ce90ef81e6c80c03f9a939bbf
  rubocop-ast (1.50.0) sha256=b9ca88300da0803ee222ad20cdb30494c0a784eed06fdc35d254b06d662788db
  rubocop-performance (1.26.1) sha256=cd19b936ff196df85829d264b522fd4f98b6c89ad271fa52744a8c11b8f71834
  rubocop-rake (0.7.1) sha256=3797f2b6810c3e9df7376c26d5f44f3475eda59eb1adc38e6f62ecf027cbae4d
  rubocop-rspec (3.10.2) sha256=0b3e2ecc592cd10ecbf0095bb58d1e357905276e069643523cc19eb7495f65e2
  rubocop-yard (1.3.0) sha256=29bc44274e0b10d7db60655e84089328c0aceadd246d24f8e963c67949a60269
  ruby-progressbar (1.13.0) sha256=80fc9c47a9b640d6834e0dc7b3c94c9df37f08cb072b7761e4a71e22cff29b33
  ruby_parser (3.22.0) sha256=1eb4937cd9eb220aa2d194e352a24dba90aef00751e24c8dfffdb14000f15d23
  rubydex (0.2.9-aarch64-linux) sha256=74391fd22c4b4ccca1b695d634daad13326e7cc81567e96549da17c5031265bb
  rubydex (0.2.9-arm64-darwin) sha256=1c014e3c244102739914d528202b1d0f54bdc3d1f85667b81b65ea22aabfa560
  rubydex (0.2.9-x86_64-darwin) sha256=000df1723b090d9176dbceb8e291b72f93931cc3c7782f32287e0db6c20c1dd7
  rubydex (0.2.9-x86_64-linux) sha256=f500e843d285def8fc799e0f9a989b9ba2b01b9372bde6ab0a6831738b3f6956
  rugged (1.9.4) sha256=5876152be06568b413eb7eaccf3932a5b011a139fcf9330a680abdf16859dcd3
  sexp_processor (4.17.5) sha256=ae2b48ba98353d5d465ce8759836b7a05f2e12c5879fcd14d7815b026de32f0e
  simplecov (0.22.0) sha256=fe2622c7834ff23b98066bb0a854284b2729a569ac659f82621fc22ef36213a5
  simplecov-html (0.13.2) sha256=bd0b8e54e7c2d7685927e8d6286466359b6f16b18cb0df47b508e8d73c777246
  simplecov-lcov (0.9.0) sha256=7a77a31e200a595ed4b0249493056efd0c920601f53d2ef135ca34ee796346cd
  simplecov_json_formatter (0.1.4) sha256=529418fbe8de1713ac2b2d612aa3daa56d316975d307244399fa4838c601b428
  solargraph (0.60.2) sha256=35c8fb31fcdbe8ccd0e0e84862a65b8deb319f86210c5966e41e2fc011e52538
  sorbet (0.6.13341) sha256=c84abd590e5ca591205a986e776480ff39238af56b7bd422508b9f44921befdc
  sorbet-runtime (0.6.13341) sha256=b1dfbf0e08ba4a684b5e5e8468c486aa1fea20dfd862502f3b7f80f5da2b4c90
  sorbet-static (0.6.13341-aarch64-linux) sha256=42a53bf5f22adfbe46acf816c93a621a75a4e30cd81d04e80a9d53c7d4ac2342
  sorbet-static (0.6.13341-universal-darwin) sha256=762c0c03f63d91eb4301efdd3c013b8b0fffac8b8a3af0efe26164e0dd11bd1f
  sorbet-static (0.6.13341-x86_64-linux) sha256=3d8d8872a8524fb4bfdcb1eeacbf1ab957a7d7905757ad52afa0af745a061011
  sorbet-static-and-runtime (0.6.13341) sha256=1edd6923e5baa128ec05d1dcd6457109d15189a144d722066bb607658b77df03
  sord (7.0.0)
  source_finder (3.2.1) sha256=7c9bf6f108e7e895940989f089e4d9011c175ec9da203d5de5f56402a73bfb0b
  spoom (1.8.4) sha256=7283c94a7bbfdfe8764af9027cee2929ef6e1a14271f285e6924e896ca52e880
  stringio (3.2.0) sha256=c37cb2e58b4ffbd33fe5cd948c05934af997b36e0b6ca6fdf43afa234cf222e1
  tapioca (0.19.2) sha256=938731b07811aee8d23871b1aee8861d464fbaf2cfffbf79a62b0c869a5120ec
  thor (1.5.0) sha256=e3a9e55fe857e44859ce104a84675ab6e8cd59c650a49106a05f55f136425e73
  tilt (2.8.0) sha256=ba472eb2716fe1e04112d6d219a9dae938ec09a6a1e2ad3ecc7922e79bde3721
  tomlrb (2.0.4) sha256=262f77947ac3ac9b3366a0a5940ecd238300c553e2e14f22009e2afcd2181b99
  tsort (0.2.0) sha256=9650a793f6859a43b6641671278f79cfead60ac714148aabe4e3f0060480089f
  undercover (0.8.5) sha256=054a3c77ef3a08a2e8ebcc272a383b7e187fb30b55c2a164ff1643dc2999aaa9
  unicode-display_width (3.2.0) sha256=0cdd96b5681a5949cdbc2c55e7b420facae74c4aaf9a9815eee1087cb1853c42
  unicode-emoji (4.2.0) sha256=519e69150f75652e40bf736106cfbc8f0f73aa3fb6a65afe62fefa7f80b0f80f
  webmock (3.26.2) sha256=774556f2ea6371846cca68c01769b2eac0d134492d21f6d0ab5dd643965a4c90
  yard (0.9.44)
  yard-activesupport-concern (0.0.1) sha256=be790cb0efc23e2e87677063598ac8b743586154657bbd9655a7f03ce78390ef
  yard-solargraph (0.1.0) sha256=a19a4619c942181a618fb9458970a9d2534cf7fda69fc43949629a7948a5930e
  yard-sorbet (0.9.0) sha256=03d1aa461b9e9c82b886919a13aa3e09fcf4d1852239d2967ed97e92723ffe21

BUNDLED WITH
  4.0.16
